
Microsoft Visual Studio Solution File, Format Version 12.00
# Visual Studio 15
VisualStudioVersion = 15.0.28307.489
MinimumVisualStudioVersion = 10.0.40219.1
Project("{FAE04EC0-301F-11D3-BF4B-00C04F79EFBC}") = "TestApiResponse.Api", "TestApiResponse.Api\TestApiResponse.Api.csproj", "{37D70D2A-9220-4E55-B2C8-5EC01A2A3A2B}"
EndProject
Global
	GlobalSection(SolutionConfigurationPlatforms) = preSolution
		Debug|Any CPU = Debug|Any CPU
		Release|Any CPU = Release|Any CPU
	EndGlobalSection
	GlobalSection(ProjectConfigurationPlatforms) = postSolution
		{37D70D2A-9220-4E55-B2C8-5EC01A2A3A2B}.Debug|Any CPU.ActiveCfg = Debug|Any CPU
		{37D70D2A-9220-4E55-B2C8-5EC01A2A3A2B}.Debug|Any CPU.Build.0 = Debug|Any CPU
		{37D70D2A-9220-4E55-B2C8-5EC01A2A3A2B}.Release|Any CPU.ActiveCfg = Release|Any CPU
		{37D70D2A-9220-4E55-B2C8-5EC01A2A3A2B}.Release|Any CPU.Build.0 = Release|Any CPU
	EndGlobalSection
	GlobalSection(SolutionProperties) = preSolution
		HideSolutionNode = FALSE
	EndGlobalSection
	GlobalSection(ExtensibilityGlobals) = postSolution
		SolutionGuid = {A5EEFCA3-781F-4D6C-94C2-277CB136443E}
	EndGlobalSection
EndGlobal
